// !$*UTF8*$!
{
	archiveVersion = 1;
	classes = {
	};
	objectVersion = 50;
	objects = {

/* Begin PBXBuildFile section */
		1EB9B51826014FE10019CD44 /* AppDelegate.swift in Sources */ = {isa = PBXBuildFile; fileRef = 1EB9B51726014FE10019CD44 /* AppDelegate.swift */; };
		1EB9B51A26014FE10019CD44 /* SceneDelegate.swift in Sources */ = {isa = PBXBuildFile; fileRef = 1EB9B51926014FE10019CD44 /* SceneDelegate.swift */; };
		1EB9B51C26014FE10019CD44 /* ViewController.swift in Sources */ = {isa = PBXBuildFile; fileRef = 1EB9B51B26014FE10019CD44 /* ViewController.swift */; };
		1EB9B51F26014FE10019CD44 /* Main.storyboard in Resources */ = {isa = PBXBuildFile; fileRef = 1EB9B51D26014FE10019CD44 /* Main.storyboard */; };
		1EB9B52126014FE40019CD44 /* Assets.xcassets in Resources */ = {isa = PBXBuildFile; fileRef = 1EB9B52026014FE40019CD44 /* Assets.xcassets */; };
		1EB9B52426014FE40019CD44 /* LaunchScreen.storyboard in Resources */ = {isa = PBXBuildFile; fileRef = 1EB9B52226014FE40019CD44 /* LaunchScreen.storyboard */; };
		1EB9B52F26014FE40019CD44 /* DemoJenkinsTests.swift in Sources */ = {isa = PBXBuildFile; fileRef = 1EB9B52E26014FE40019CD44 /* DemoJenkinsTests.swift */; };
		1EB9B53A26014FE40019CD44 /* DemoJenkinsUITests.swift in Sources */ = {isa = PBXBuildFile; fileRef = 1EB9B53926014FE40019CD44 /* DemoJenkinsUITests.swift */; };
		1EB9B54B260151DD0019CD44 /* ViewController2.swift in Sources */ = {isa = PBXBuildFile; fileRef = 1EB9B54A260151DD0019CD44 /* ViewController2.swift */; };
		39C92ED7CFF810080C9CD15E /* Pods_DemoJenkinsTests.framework in Frameworks */ = {isa = PBXBuildFile; fileRef = C4915C371B9F9D9FCA69C737 /* Pods_DemoJenkinsTests.framework */; };
		9273D07A551DA1A18A4ABDD8 /* Pods_DemoJenkins_DemoJenkinsUITests.framework in Frameworks */ = {isa = PBXBuildFile; fileRef = DDDB139FE3B16E229AE4B9FA /* Pods_DemoJenkins_DemoJenkinsUITests.framework */; };
		AB909B847F4236FD446AA3B9 /* Pods_DemoJenkins.framework in Frameworks */ = {isa = PBXBuildFile; fileRef = E2367023AB99B8A9C3F5FE3A /* Pods_DemoJenkins.framework */; };
/* End PBXBuildFile section */

/* Begin PBXContainerItemProxy section */
		1EB9B52B26014FE40019CD44 /* PBXContainerItemProxy */ = {
			isa = PBXContainerItemProxy;
			containerPortal = 1EB9B50C26014FE10019CD44 /* Project object */;
			proxyType = 1;
			remoteGlobalIDString = 1EB9B51326014FE10019CD44;
			remoteInfo = DemoJenkins;
		};
		1EB9B53626014FE40019CD44 /* PBXContainerItemProxy */ = {
			isa = PBXContainerItemProxy;
			containerPortal = 1EB9B50C26014FE10019CD44 /* Project object */;
			proxyType = 1;
			remoteGlobalIDString = 1EB9B51326014FE10019CD44;
			remoteInfo = DemoJenkins;
		};
/* End PBXContainerItemProxy section */

/* Begin PBXFileReference section */
		05929687D4EC04759251B6A5 /* Pods-DemoJenkins.release.xcconfig */ = {isa = PBXFileReference; includeInIndex = 1; lastKnownFileType = text.xcconfig; name = "Pods-DemoJenkins.release.xcconfig"; path = "Target Support Files/Pods-DemoJenkins/Pods-DemoJenkins.release.xcconfig"; sourceTree = "<group>"; };
		1902B0327476B289B55812A6 /* Pods-DemoJenkins.debug.xcconfig */ = {isa = PBXFileReference; includeInIndex = 1; lastKnownFileType = text.xcconfig; name = "Pods-DemoJenkins.debug.xcconfig"; path = "Target Support Files/Pods-DemoJenkins/Pods-DemoJenkins.debug.xcconfig"; sourceTree = "<group>"; };
		1EB9B51426014FE10019CD44 /* DemoJenkins.app */ = {isa = PBXFileReference; explicitFileType = wrapper.application; includeInIndex = 0; path = DemoJenkins.app; sourceTree = BUILT_PRODUCTS_DIR; };
		1EB9B51726014FE10019CD44 /* AppDelegate.swift */ = {isa = PBXFileReference; lastKnownFileType = sourcecode.swift; path = AppDelegate.swift; sourceTree = "<group>"; };
		1EB9B51926014FE10019CD44 /* SceneDelegate.swift */ = {isa = PBXFileReference; lastKnownFileType = sourcecode.swift; path = SceneDelegate.swift; sourceTree = "<group>"; };
		1EB9B51B26014FE10019CD44 /* ViewController.swift */ = {isa = PBXFileReference; lastKnownFileType = sourcecode.swift; path = ViewController.swift; sourceTree = "<group>"; };
		1EB9B51E26014FE10019CD44 /* Base */ = {isa = PBXFileReference; lastKnownFileType = file.storyboard; name = Base; path = Base.lproj/Main.storyboard; sourceTree = "<group>"; };
		1EB9B52026014FE40019CD44 /* Assets.xcassets */ = {isa = PBXFileReference; lastKnownFileType = folder.assetcatalog; path = Assets.xcassets; sourceTree = "<group>"; };
		1EB9B52326014FE40019CD44 /* Base */ = {isa = PBXFileReference; lastKnownFileType = file.storyboard; name = Base; path = Base.lproj/LaunchScreen.storyboard; sourceTree = "<group>"; };
		1EB9B52526014FE40019CD44 /* Info.plist */ = {isa = PBXFileReference; lastKnownFileType = text.plist.xml; path = Info.plist; sourceTree = "<group>"; };
		1EB9B52A26014FE40019CD44 /* DemoJenkinsTests.xctest */ = {isa = PBXFileReference; explicitFileType = wrapper.cfbundle; includeInIndex = 0; path = DemoJenkinsTests.xctest; sourceTree = BUILT_PRODUCTS_DIR; };
		1EB9B52E26014FE40019CD44 /* DemoJenkinsTests.swift */ = {isa = PBXFileReference; lastKnownFileType = sourcecode.swift; path = DemoJenkinsTests.swift; sourceTree = "<group>"; };
		1EB9B53026014FE40019CD44 /* Info.plist */ = {isa = PBXFileReference; lastKnownFileType = text.plist.xml; path = Info.plist; sourceTree = "<group>"; };
		1EB9B53526014FE40019CD44 /* DemoJenkinsUITests.xctest */ = {isa = PBXFileReference; explicitFileType = wrapper.cfbundle; includeInIndex = 0; path = DemoJenkinsUITests.xctest; sourceTree = BUILT_PRODUCTS_DIR; };
		1EB9B53926014FE40019CD44 /* DemoJenkinsUITests.swift */ = {isa = PBXFileReference; lastKnownFileType = sourcecode.swift; path = DemoJenkinsUITests.swift; sourceTree = "<group>"; };
		1EB9B53B26014FE50019CD44 /* Info.plist */ = {isa = PBXFileReference; lastKnownFileType = text.plist.xml; path = Info.plist; sourceTree = "<group>"; };
		1EB9B54A260151DD0019CD44 /* ViewController2.swift */ = {isa = PBXFileReference; lastKnownFileType = sourcecode.swift; path = ViewController2.swift; sourceTree = "<group>"; };
		43CEF699F8320AF2A479FE62 /* Pods-DemoJenkins-DemoJenkinsUITests.release.xcconfig */ = {isa = PBXFileReference; includeInIndex = 1; lastKnownFileType = text.xcconfig; name = "Pods-DemoJenkins-DemoJenkinsUITests.release.xcconfig"; path = "Target Support Files/Pods-DemoJenkins-DemoJenkinsUITests/Pods-DemoJenkins-DemoJenkinsUITests.release.xcconfig"; sourceTree = "<group>"; };
		6EB2F9017105C529B960351A /* Pods-DemoJenkinsTests.release.xcconfig */ = {isa = PBXFileReference; includeInIndex = 1; lastKnownFileType = text.xcconfig; name = "Pods-DemoJenkinsTests.release.xcconfig"; path = "Target Support Files/Pods-DemoJenkinsTests/Pods-DemoJenkinsTests.release.xcconfig"; sourceTree = "<group>"; };
		763AA62BA4ECB6085E4EFD53 /* Pods-DemoJenkins-DemoJenkinsUITests.debug.xcconfig */ = {isa = PBXFileReference; includeInIndex = 1; lastKnownFileType = text.xcconfig; name = "Pods-DemoJenkins-DemoJenkinsUITests.debug.xcconfig"; path = "Target Support Files/Pods-DemoJenkins-DemoJenkinsUITests/Pods-DemoJenkins-DemoJenkinsUITests.debug.xcconfig"; sourceTree = "<group>"; };
		C4915C371B9F9D9FCA69C737 /* Pods_DemoJenkinsTests.framework */ = {isa = PBXFileReference; explicitFileType = wrapper.framework; includeInIndex = 0; path = Pods_DemoJenkinsTests.framework; sourceTree = BUILT_PRODUCTS_DIR; };
		D06B81E946E7217CBC633E28 /* Pods-DemoJenkinsTests.debug.xcconfig */ = {isa = PBXFileReference; includeInIndex = 1; lastKnownFileType = text.xcconfig; name = "Pods-DemoJenkinsTests.debug.xcconfig"; path = "Target Support Files/Pods-DemoJenkinsTests/Pods-DemoJenkinsTests.debug.xcconfig"; sourceTree = "<group>"; };
		DDDB139FE3B16E229AE4B9FA /* Pods_DemoJenkins_DemoJenkinsUITests.framework */ = {isa = PBXFileReference; explicitFileType = wrapper.framework; includeInIndex = 0; path = Pods_DemoJenkins_DemoJenkinsUITests.framework; sourceTree = BUILT_PRODUCTS_DIR; };
		E2367023AB99B8A9C3F5FE3A /* Pods_DemoJenkins.framework */ = {isa = PBXFileReference; explicitFileType = wrapper.framework; includeInIndex = 0; path = Pods_DemoJenkins.framework; sourceTree = BUILT_PRODUCTS_DIR; };
/* End PBXFileReference section */

/* Begin PBXFrameworksBuildPhase section */
		1EB9B51126014FE10019CD44 /* Frameworks */ = {
			isa = PBXFrameworksBuildPhase;
			buildActionMask = 2147483647;
			files = (
				AB909B847F4236FD446AA3B9 /* Pods_DemoJenkins.framework in Frameworks */,
			);
			runOnlyForDeploymentPostprocessing = 0;
		};
		1EB9B52726014FE40019CD44 /* Frameworks */ = {
			isa = PBXFrameworksBuildPhase;
			buildActionMask = 2147483647;
			files = (
				39C92ED7CFF810080C9CD15E /* Pods_DemoJenkinsTests.framework in Frameworks */,
			);
			runOnlyForDeploymentPostprocessing = 0;
		};
		1EB9B53226014FE40019CD44 /* Frameworks */ = {
			isa = PBXFrameworksBuildPhase;
			buildActionMask = 2147483647;
			files = (
				9273D07A551DA1A18A4ABDD8 /* Pods_DemoJenkins_DemoJenkinsUITests.framework in Frameworks */,
			);
			runOnlyForDeploymentPostprocessing = 0;
		};
/* End PBXFrameworksBuildPhase section */

/* Begin PBXGroup section */
		1EB9B50B26014FE10019CD44 = {
			isa = PBXGroup;
			children = (
				1EB9B51626014FE10019CD44 /* DemoJenkins */,
				1EB9B52D26014FE40019CD44 /* DemoJenkinsTests */,
				1EB9B53826014FE40019CD44 /* DemoJenkinsUITests */,
				1EB9B51526014FE10019CD44 /* Products */,
				A3FAF1CA2AB982BA136953EA /* Pods */,
				A09D1BA1358B0F9A865955F4 /* Frameworks */,
			);
			sourceTree = "<group>";
		};
		1EB9B51526014FE10019CD44 /* Products */ = {
			isa = PBXGroup;
			children = (
				1EB9B51426014FE10019CD44 /* DemoJenkins.app */,
				1EB9B52A26014FE40019CD44 /* DemoJenkinsTests.xctest */,
				1EB9B53526014FE40019CD44 /* DemoJenkinsUITests.xctest */,
			);
			name = Products;
			sourceTree = "<group>";
		};
		1EB9B51626014FE10019CD44 /* DemoJenkins */ = {
			isa = PBXGroup;
			children = (
				1EB9B51726014FE10019CD44 /* AppDelegate.swift */,
				1EB9B51926014FE10019CD44 /* SceneDelegate.swift */,
				1EB9B51B26014FE10019CD44 /* ViewController.swift */,
				1EB9B51D26014FE10019CD44 /* Main.storyboard */,
				1EB9B52026014FE40019CD44 /* Assets.xcassets */,
				1EB9B52226014FE40019CD44 /* LaunchScreen.storyboard */,
				1EB9B52526014FE40019CD44 /* Info.plist */,
				1EB9B54A260151DD0019CD44 /* ViewController2.swift */,
			);
			path = DemoJenkins;
			sourceTree = "<group>";
		};
		1EB9B52D26014FE40019CD44 /* DemoJenkinsTests */ = {
			isa = PBXGroup;
			children = (
				1EB9B52E26014FE40019CD44 /* DemoJenkinsTests.swift */,
				1EB9B53026014FE40019CD44 /* Info.plist */,
			);
			path = DemoJenkinsTests;
			sourceTree = "<group>";
		};
		1EB9B53826014FE40019CD44 /* DemoJenkinsUITests */ = {
			isa = PBXGroup;
			children = (
				1EB9B53926014FE40019CD44 /* DemoJenkinsUITests.swift */,
				1EB9B53B26014FE50019CD44 /* Info.plist */,
			);
			path = DemoJenkinsUITests;
			sourceTree = "<group>";
		};
		A09D1BA1358B0F9A865955F4 /* Frameworks */ = {
			isa = PBXGroup;
			children = (
				E2367023AB99B8A9C3F5FE3A /* Pods_DemoJenkins.framework */,
				DDDB139FE3B16E229AE4B9FA /* Pods_DemoJenkins_DemoJenkinsUITests.framework */,
				C4915C371B9F9D9FCA69C737 /* Pods_DemoJenkinsTests.framework */,
			);
			name = Frameworks;
			sourceTree = "<group>";
		};
		A3FAF1CA2AB982BA136953EA /* Pods */ = {
			isa = PBXGroup;
			children = (
				1902B0327476B289B55812A6 /* Pods-DemoJenkins.debug.xcconfig */,
				05929687D4EC04759251B6A5 /* Pods-DemoJenkins.release.xcconfig */,
				763AA62BA4ECB6085E4EFD53 /* Pods-DemoJenkins-DemoJenkinsUITests.debug.xcconfig */,
				43CEF699F8320AF2A479FE62 /* Pods-DemoJenkins-DemoJenkinsUITests.release.xcconfig */,
				D06B81E946E7217CBC633E28 /* Pods-DemoJenkinsTests.debug.xcconfig */,
				6EB2F9017105C529B960351A /* Pods-DemoJenkinsTests.release.xcconfig */,
			);
			name = Pods;
			path = Pods;
			sourceTree = "<group>";
		};
/* End PBXGroup section */

/* Begin PBXNativeTarget section */
		1EB9B51326014FE10019CD44 /* DemoJenkins */ = {
			isa = PBXNativeTarget;
			buildConfigurationList = 1EB9B53E26014FE50019CD44 /* Build configuration list for PBXNativeTarget "DemoJenkins" */;
			buildPhases = (
				87C0D2B1B3CD5CA1722444A7 /* [CP] Check Pods Manifest.lock */,
				1EB9B51026014FE10019CD44 /* Sources */,
				1EB9B51126014FE10019CD44 /* Frameworks */,
				1EB9B51226014FE10019CD44 /* Resources */,
				41548270687C652ED913C070 /* [CP] Embed Pods Frameworks */,
			);
			buildRules = (
			);
			dependencies = (
			);
			name = DemoJenkins;
			productName = DemoJenkins;
			productReference = 1EB9B51426014FE10019CD44 /* DemoJenkins.app */;
			productType = "com.apple.product-type.application";
		};
		1EB9B52926014FE40019CD44 /* DemoJenkinsTests */ = {
			isa = PBXNativeTarget;
			buildConfigurationList = 1EB9B54126014FE50019CD44 /* Build configuration list for PBXNativeTarget "DemoJenkinsTests" */;
			buildPhases = (
				F289562EFAEEDC2BF2770286 /* [CP] Check Pods Manifest.lock */,
				1EB9B52626014FE40019CD44 /* Sources */,
				1EB9B52726014FE40019CD44 /* Frameworks */,
				1EB9B52826014FE40019CD44 /* Resources */,
			);
			buildRules = (
			);
			dependencies = (
				1EB9B52C26014FE40019CD44 /* PBXTargetDependency */,
			);
			name = DemoJenkinsTests;
			productName = DemoJenkinsTests;
			productReference = 1EB9B52A26014FE40019CD44 /* DemoJenkinsTests.xctest */;
			productType = "com.apple.product-type.bundle.unit-test";
		};
		1EB9B53426014FE40019CD44 /* DemoJenkinsUITests */ = {
			isa = PBXNativeTarget;
			buildConfigurationList = 1EB9B54426014FE50019CD44 /* Build configuration list for PBXNativeTarget "DemoJenkinsUITests" */;
			buildPhases = (
				CD10AA7B0418DD9C2116EC3F /* [CP] Check Pods Manifest.lock */,
				1EB9B53126014FE40019CD44 /* Sources */,
				1EB9B53226014FE40019CD44 /* Frameworks */,
				1EB9B53326014FE40019CD44 /* Resources */,
				83B3D1B40986D1C3A8ECE4E0 /* [CP] Embed Pods Frameworks */,
			);
			buildRules = (
			);
			dependencies = (
				1EB9B53726014FE40019CD44 /* PBXTargetDependency */,
			);
			name = DemoJenkinsUITests;
			productName = DemoJenkinsUITests;
			productReference = 1EB9B53526014FE40019CD44 /* DemoJenkinsUITests.xctest */;
			productType = "com.apple.product-type.bundle.ui-testing";
		};
/* End PBXNativeTarget section */

/* Begin PBXProject section */
		1EB9B50C26014FE10019CD44 /* Project object */ = {
			isa = PBXProject;
			attributes = {
				LastSwiftUpdateCheck = 1240;
				LastUpgradeCheck = 1240;
				TargetAttributes = {
					1EB9B51326014FE10019CD44 = {
						CreatedOnToolsVersion = 12.4;
					};
					1EB9B52926014FE40019CD44 = {
						CreatedOnToolsVersion = 12.4;
						TestTargetID = 1EB9B51326014FE10019CD44;
					};
					1EB9B53426014FE40019CD44 = {
						CreatedOnToolsVersion = 12.4;
						TestTargetID = 1EB9B51326014FE10019CD44;
					};
				};
			};
			buildConfigurationList = 1EB9B50F26014FE10019CD44 /* Build configuration list for PBXProject "DemoJenkins" */;
			compatibilityVersion = "Xcode 9.3";
			developmentRegion = en;
			hasScannedForEncodings = 0;
			knownRegions = (
				en,
				Base,
			);
			mainGroup = 1EB9B50B26014FE10019CD44;
			productRefGroup = 1EB9B51526014FE10019CD44 /* Products */;
			projectDirPath = "";
			projectRoot = "";
			targets = (
				1EB9B51326014FE10019CD44 /* DemoJenkins */,
				1EB9B52926014FE40019CD44 /* DemoJenkinsTests */,
				1EB9B53426014FE40019CD44 /* DemoJenkinsUITests */,
			);
		};
/* End PBXProject section */

/* Begin PBXResourcesBuildPhase section */
		1EB9B51226014FE10019CD44 /* Resources */ = {
			isa = PBXResourcesBuildPhase;
			buildActionMask = 2147483647;
			files = (
				1EB9B52426014FE40019CD44 /* LaunchScreen.storyboard in Resources */,
				1EB9B52126014FE40019CD44 /* Assets.xcassets in Resources */,
				1EB9B51F26014FE10019CD44 /* Main.storyboard in Resources */,
			);
			runOnlyForDeploymentPostprocessing = 0;
		};
		1EB9B52826014FE40019CD44 /* Resources */ = {
			isa = PBXResourcesBuildPhase;
			buildActionMask = 2147483647;
			files = (
			);
			runOnlyForDeploymentPostprocessing = 0;
		};
		1EB9B53326014FE40019CD44 /* Resources */ = {
			isa = PBXResourcesBuildPhase;
			buildActionMask = 2147483647;
			files = (
			);
			runOnlyForDeploymentPostprocessing = 0;
		};
/* End PBXResourcesBuildPhase section */

/* Begin PBXShellScriptBuildPhase section */
		41548270687C652ED913C070 /* [CP] Embed Pods Frameworks */ = {
			isa = PBXShellScriptBuildPhase;
			buildActionMask = 2147483647;
			files = (
			);
			inputFileListPaths = (
				"${PODS_ROOT}/Target Support Files/Pods-DemoJenkins/Pods-DemoJenkins-frameworks-${CONFIGURATION}-input-files.xcfilelist",
			);
			name = "[CP] Embed Pods Frameworks";
			outputFileListPaths = (
				"${PODS_ROOT}/Target Support Files/Pods-DemoJenkins/Pods-DemoJenkins-frameworks-${CONFIGURATION}-output-files.xcfilelist",
			);
			runOnlyForDeploymentPostprocessing = 0;
			shellPath = /bin/sh;
			shellScript = "\"${PODS_ROOT}/Target Support Files/Pods-DemoJenkins/Pods-DemoJenkins-frameworks.sh\"\n";
			showEnvVarsInLog = 0;
		};
		83B3D1B40986D1C3A8ECE4E0 /* [CP] Embed Pods Frameworks */ = {
			isa = PBXShellScriptBuildPhase;
			buildActionMask = 2147483647;
			files = (
			);
			inputFileListPaths = (
				"${PODS_ROOT}/Target Support Files/Pods-DemoJenkins-DemoJenkinsUITests/Pods-DemoJenkins-DemoJenkinsUITests-frameworks-${CONFIGURATION}-input-files.xcfilelist",
			);
			name = "[CP] Embed Pods Frameworks";
			outputFileListPaths = (
				"${PODS_ROOT}/Target Support Files/Pods-DemoJenkins-DemoJenkinsUITests/Pods-DemoJenkins-DemoJenkinsUITests-frameworks-${CONFIGURATION}-output-files.xcfilelist",
			);
			runOnlyForDeploymentPostprocessing = 0;
			shellPath = /bin/sh;
			shellScript = "\"${PODS_ROOT}/Target Support Files/Pods-DemoJenkins-DemoJenkinsUITests/Pods-DemoJenkins-DemoJenkinsUITests-frameworks.sh\"\n";
			showEnvVarsInLog = 0;
		};
		87C0D2B1B3CD5CA1722444A7 /* [CP] Check Pods Manifest.lock */ = {
			isa = PBXShellScriptBuildPhase;
			buildActionMask = 2147483647;
			files = (
			);
			inputFileListPaths = (
			);
			inputPaths = (
				"${PODS_PODFILE_DIR_PATH}/Podfile.lock",
				"${PODS_ROOT}/Manifest.lock",
			);
			name = "[CP] Check Pods Manifest.lock";
			outputFileListPaths = (
			);
			outputPaths = (
				"$(DERIVED_FILE_DIR)/Pods-DemoJenkins-checkManifestLockResult.txt",
			);
			runOnlyForDeploymentPostprocessing = 0;
			shellPath = /bin/sh;
			shellScript = "diff \"${PODS_PODFILE_DIR_PATH}/Podfile.lock\" \"${PODS_ROOT}/Manifest.lock\" > /dev/null\nif [ $? != 0 ] ; then\n    # print error to STDERR\n    echo \"error: The sandbox is not in sync with the Podfile.lock. Run 'pod install' or update your CocoaPods installation.\" >&2\n    exit 1\nfi\n# This output is used by Xcode 'outputs' to avoid re-running this script phase.\necho \"SUCCESS\" > \"${SCRIPT_OUTPUT_FILE_0}\"\n";
			showEnvVarsInLog = 0;
		};
		CD10AA7B0418DD9C2116EC3F /* [CP] Check Pods Manifest.lock */ = {
			isa = PBXShellScriptBuildPhase;
			buildActionMask = 2147483647;
			files = (
			);
			inputFileListPaths = (
			);
			inputPaths = (
				"${PODS_PODFILE_DIR_PATH}/Podfile.lock",
				"${PODS_ROOT}/Manifest.lock",
			);
			name = "[CP] Check Pods Manifest.lock";
			outputFileListPaths = (
			);
			outputPaths = (
				"$(DERIVED_FILE_DIR)/Pods-DemoJenkins-DemoJenkinsUITests-checkManifestLockResult.txt",
			);
			runOnlyForDeploymentPostprocessing = 0;
			shellPath = /bin/sh;
			shellScript = "diff \"${PODS_PODFILE_DIR_PATH}/Podfile.lock\" \"${PODS_ROOT}/Manifest.lock\" > /dev/null\nif [ $? != 0 ] ; then\n    # print error to STDERR\n    echo \"error: The sandbox is not in sync with the Podfile.lock. Run 'pod install' or update your CocoaPods installation.\" >&2\n    exit 1\nfi\n# This output is used by Xcode 'outputs' to avoid re-running this script phase.\necho \"SUCCESS\" > \"${SCRIPT_OUTPUT_FILE_0}\"\n";
			showEnvVarsInLog = 0;
		};
		F289562EFAEEDC2BF2770286 /* [CP] Check Pods Manifest.lock */ = {
			isa = PBXShellScriptBuildPhase;
			buildActionMask = 2147483647;
			files = (
			);
			inputFileListPaths = (
			);
			inputPaths = (
				"${PODS_PODFILE_DIR_PATH}/Podfile.lock",
				"${PODS_ROOT}/Manifest.lock",
			);
			name = "[CP] Check Pods Manifest.lock";
			outputFileListPaths = (
			);
			outputPaths = (
				"$(DERIVED_FILE_DIR)/Pods-DemoJenkinsTests-checkManifestLockResult.txt",
			);
			runOnlyForDeploymentPostprocessing = 0;
			shellPath = /bin/sh;
			shellScript = "diff \"${PODS_PODFILE_DIR_PATH}/Podfile.lock\" \"${PODS_ROOT}/Manifest.lock\" > /dev/null\nif [ $? != 0 ] ; then\n    # print error to STDERR\n    echo \"error: The sandbox is not in sync with the Podfile.lock. Run 'pod install' or update your CocoaPods installation.\" >&2\n    exit 1\nfi\n# This output is used by Xcode 'outputs' to avoid re-running this script phase.\necho \"SUCCESS\" > \"${SCRIPT_OUTPUT_FILE_0}\"\n";
			showEnvVarsInLog = 0;
		};
/* End PBXShellScriptBuildPhase section */

/* Begin PBXSourcesBuildPhase section */
		1EB9B51026014FE10019CD44 /* Sources */ = {
			isa = PBXSourcesBuildPhase;
			buildActionMask = 2147483647;
			files = (
				1EB9B51C26014FE10019CD44 /* ViewController.swift in Sources */,
				1EB9B54B260151DD0019CD44 /* ViewController2.swift in Sources */,
				1EB9B51826014FE10019CD44 /* AppDelegate.swift in Sources */,
				1EB9B51A26014FE10019CD44 /* SceneDelegate.swift in Sources */,
			);
			runOnlyForDeploymentPostprocessing = 0;
		};
		1EB9B52626014FE40019CD44 /* Sources */ = {
			isa = PBXSourcesBuildPhase;
			buildActionMask = 2147483647;
			files = (
				1EB9B52F26014FE40019CD44 /* DemoJenkinsTests.swift in Sources */,
			);
			runOnlyForDeploymentPostprocessing = 0;
		};
		1EB9B53126014FE40019CD44 /* Sources */ = {
			isa = PBXSourcesBuildPhase;
			buildActionMask = 2147483647;
			files = (
				1EB9B53A26014FE40019CD44 /* DemoJenkinsUITests.swift in Sources */,
			);
			runOnlyForDeploymentPostprocessing = 0;
		};
/* End PBXSourcesBuildPhase section */

/* Begin PBXTargetDependency section */
		1EB9B52C26014FE40019CD44 /* PBXTargetDependency */ = {
			isa = PBXTargetDependency;
			target = 1EB9B51326014FE10019CD44 /* DemoJenkins */;
			targetProxy = 1EB9B52B26014FE40019CD44 /* PBXContainerItemProxy */;
		};
		1EB9B53726014FE40019CD44 /* PBXTargetDependency */ = {
			isa = PBXTargetDependency;
			target = 1EB9B51326014FE10019CD44 /* DemoJenkins */;
			targetProxy = 1EB9B53626014FE40019CD44 /* PBXContainerItemProxy */;
		};
/* End PBXTargetDependency section */

/* Begin PBXVariantGroup section */
		1EB9B51D26014FE10019CD44 /* Main.storyboard */ = {
			isa = PBXVariantGroup;
			children = (
				1EB9B51E26014FE10019CD44 /* Base */,
			);
			name = Main.storyboard;
			sourceTree = "<group>";
		};
		1EB9B52226014FE40019CD44 /* LaunchScreen.storyboard */ = {
			isa = PBXVariantGroup;
			children = (
				1EB9B52326014FE40019CD44 /* Base */,
			);
			name = LaunchScreen.storyboard;
			sourceTree = "<group>";
		};
/* End PBXVariantGroup section */

/* Begin XCBuildConfiguration section */
		1EB9B53C26014FE50019CD44 /* Debug */ = {
			isa = XCBuildConfiguration;
			buildSettings = {
				ALWAYS_SEARCH_USER_PATHS = NO;
				CLANG_ANALYZER_NONNULL = YES;
				CLANG_ANALYZER_NUMBER_OBJECT_CONVERSION = YES_AGGRESSIVE;
				CLANG_CXX_LANGUAGE_STANDARD = "gnu++14";
				CLANG_CXX_LIBRARY = "libc++";
				CLANG_ENABLE_MODULES = YES;
				CLANG_ENABLE_OBJC_ARC = YES;
				CLANG_ENABLE_OBJC_WEAK = YES;
				CLANG_WARN_BLOCK_CAPTURE_AUTORELEASING = YES;
				CLANG_WARN_BOOL_CONVERSION = YES;
				CLANG_WARN_COMMA = YES;
				CLANG_WARN_CONSTANT_CONVERSION = YES;
				CLANG_WARN_DEPRECATED_OBJC_IMPLEMENTATIONS = YES;
				CLANG_WARN_DIRECT_OBJC_ISA_USAGE = YES_ERROR;
				CLANG_WARN_DOCUMENTATION_COMMENTS = YES;
				CLANG_WARN_EMPTY_BODY = YES;
				CLANG_WARN_ENUM_CONVERSION = YES;
				CLANG_WARN_INFINITE_RECURSION = YES;
				CLANG_WARN_INT_CONVERSION = YES;
				CLANG_WARN_NON_LITERAL_NULL_CONVERSION = YES;
				CLANG_WARN_OBJC_IMPLICIT_RETAIN_SELF = YES;
				CLANG_WARN_OBJC_LITERAL_CONVERSION = YES;
				CLANG_WARN_OBJC_ROOT_CLASS = YES_ERROR;
				CLANG_WARN_QUOTED_INCLUDE_IN_FRAMEWORK_HEADER = YES;
				CLANG_WARN_RANGE_LOOP_ANALYSIS = YES;
				CLANG_WARN_STRICT_PROTOTYPES = YES;
				CLANG_WARN_SUSPICIOUS_MOVE = YES;
				CLANG_WARN_UNGUARDED_AVAILABILITY = YES_AGGRESSIVE;
				CLANG_WARN_UNREACHABLE_CODE = YES;
				CLANG_WARN__DUPLICATE_METHOD_MATCH = YES;
				COPY_PHASE_STRIP = NO;
				DEBUG_INFORMATION_FORMAT = dwarf;
				ENABLE_STRICT_OBJC_MSGSEND = YES;
				ENABLE_TESTABILITY = YES;
				GCC_C_LANGUAGE_STANDARD = gnu11;
				GCC_DYNAMIC_NO_PIC = NO;
				GCC_NO_COMMON_BLOCKS = YES;
				GCC_OPTIMIZATION_LEVEL = 0;
				GCC_PREPROCESSOR_DEFINITIONS = (
					"DEBUG=1",
					"$(inherited)",
				);
				GCC_WARN_64_TO_32_BIT_CONVERSION = YES;
				GCC_WARN_ABOUT_RETURN_TYPE = YES_ERROR;
				GCC_WARN_UNDECLARED_SELECTOR = YES;
				GCC_WARN_UNINITIALIZED_AUTOS = YES_AGGRESSIVE;
				GCC_WARN_UNUSED_FUNCTION = YES;
				GCC_WARN_UNUSED_VARIABLE = YES;
				IPHONEOS_DEPLOYMENT_TARGET = 14.4;
				MTL_ENABLE_DEBUG_INFO = INCLUDE_SOURCE;
				MTL_FAST_MATH = YES;
				ONLY_ACTIVE_ARCH = YES;
				SDKROOT = iphoneos;
				SWIFT_ACTIVE_COMPILATION_CONDITIONS = DEBUG;
				SWIFT_OPTIMIZATION_LEVEL = "-Onone";
			};
			name = Debug;
		};
		1EB9B53D26014FE50019CD44 /* Release */ = {
			isa = XCBuildConfiguration;
			buildSettings = {
				ALWAYS_SEARCH_USER_PATHS = NO;
				CLANG_ANALYZER_NONNULL = YES;
				CLANG_ANALYZER_NUMBER_OBJECT_CONVERSION = YES_AGGRESSIVE;
				CLANG_CXX_LANGUAGE_STANDARD = "gnu++14";
				CLANG_CXX_LIBRARY = "libc++";
				CLANG_ENABLE_MODULES = YES;
				CLANG_ENABLE_OBJC_ARC = YES;
				CLANG_ENABLE_OBJC_WEAK = YES;
				CLANG_WARN_BLOCK_CAPTURE_AUTORELEASING = YES;
				CLANG_WARN_BOOL_CONVERSION = YES;
				CLANG_WARN_COMMA = YES;
				CLANG_WARN_CONSTANT_CONVERSION = YES;
				CLANG_WARN_DEPRECATED_OBJC_IMPLEMENTATIONS = YES;
				CLANG_WARN_DIRECT_OBJC_ISA_USAGE = YES_ERROR;
				CLANG_WARN_DOCUMENTATION_COMMENTS = YES;
				CLANG_WARN_EMPTY_BODY = YES;
				CLANG_WARN_ENUM_CONVERSION = YES;
				CLANG_WARN_INFINITE_RECURSION = YES;
				CLANG_WARN_INT_CONVERSION = YES;
				CLANG_WARN_NON_LITERAL_NULL_CONVERSION = YES;
				CLANG_WARN_OBJC_IMPLICIT_RETAIN_SELF = YES;
				CLANG_WARN_OBJC_LITERAL_CONVERSION = YES;
				CLANG_WARN_OBJC_ROOT_CLASS = YES_ERROR;
				CLANG_WARN_QUOTED_INCLUDE_IN_FRAMEWORK_HEADER = YES;
				CLANG_WARN_RANGE_LOOP_ANALYSIS = YES;
				CLANG_WARN_STRICT_PROTOTYPES = YES;
				CLANG_WARN_SUSPICIOUS_MOVE = YES;
				CLANG_WARN_UNGUARDED_AVAILABILITY = YES_AGGRESSIVE;
				CLANG_WARN_UNREACHABLE_CODE = YES;
				CLANG_WARN__DUPLICATE_METHOD_MATCH = YES;
				COPY_PHASE_STRIP = NO;
				DEBUG_INFORMATION_FORMAT = "dwarf-with-dsym";
				ENABLE_NS_ASSERTIONS = NO;
				ENABLE_STRICT_OBJC_MSGSEND = YES;
				GCC_C_LANGUAGE_STANDARD = gnu11;
				GCC_NO_COMMON_BLOCKS = YES;
				GCC_WARN_64_TO_32_BIT_CONVERSION = YES;
				GCC_WARN_ABOUT_RETURN_TYPE = YES_ERROR;
				GCC_WARN_UNDECLARED_SELECTOR = YES;
				GCC_WARN_UNINITIALIZED_AUTOS = YES_AGGRESSIVE;
				GCC_WARN_UNUSED_FUNCTION = YES;
				GCC_WARN_UNUSED_VARIABLE = YES;
				IPHONEOS_DEPLOYMENT_TARGET = 14.4;
				MTL_ENABLE_DEBUG_INFO = NO;
				MTL_FAST_MATH = YES;
				SDKROOT = iphoneos;
				SWIFT_COMPILATION_MODE = wholemodule;
				SWIFT_OPTIMIZATION_LEVEL = "-O";
				VALIDATE_PRODUCT = YES;
			};
			name = Release;
		};
		1EB9B53F26014FE50019CD44 /* Debug */ = {
			isa = XCBuildConfiguration;
			baseConfigurationReference = 1902B0327476B289B55812A6 /* Pods-DemoJenkins.debug.xcconfig */;
			buildSettings = {
				ASSETCATALOG_COMPILER_APPICON_NAME = AppIcon;
				ASSETCATALOG_COMPILER_GLOBAL_ACCENT_COLOR_NAME = AccentColor;
				CODE_SIGN_STYLE = Automatic;
				DEVELOPMENT_TEAM = 48Y2XG84C3;
				INFOPLIST_FILE = DemoJenkins/Info.plist;
				LD_RUNPATH_SEARCH_PATHS = (
					"$(inherited)",
					"@executable_path/Frameworks",
				);
				PRODUCT_BUNDLE_IDENTIFIER = com.Devesh.DemoJenkins.DemoJenkinss;
				PRODUCT_NAME = "$(TARGET_NAME)";
				SWIFT_VERSION = 5.0;
				TARGETED_DEVICE_FAMILY = "1,2";
			};
			name = Debug;
		};
		1EB9B54026014FE50019CD44 /* Release */ = {
			isa = XCBuildConfiguration;
			baseConfigurationReference = 05929687D4EC04759251B6A5 /* Pods-DemoJenkins.release.xcconfig */;
			buildSettings = {
				ASSETCATALOG_COMPILER_APPICON_NAME = AppIcon;
				ASSETCATALOG_COMPILER_GLOBAL_ACCENT_COLOR_NAME = AccentColor;
				CODE_SIGN_STYLE = Automatic;
				DEVELOPMENT_TEAM = 48Y2XG84C3;
				INFOPLIST_FILE = DemoJenkins/Info.plist;
				LD_RUNPATH_SEARCH_PATHS = (
					"$(inherited)",
					"@executable_path/Frameworks",
				);
				PRODUCT_BUNDLE_IDENTIFIER = com.Devesh.DemoJenkins.DemoJenkinss;
				PRODUCT_NAME = "$(TARGET_NAME)";
				SWIFT_VERSION = 5.0;
				TARGETED_DEVICE_FAMILY = "1,2";
			};
			name = Release;
		};
		1EB9B54226014FE50019CD44 /* Debug */ = {
			isa = XCBuildConfiguration;
			baseConfigurationReference = D06B81E946E7217CBC633E28 /* Pods-DemoJenkinsTests.debug.xcconfig */;
			buildSettings = {
				ALWAYS_EMBED_SWIFT_STANDARD_LIBRARIES = YES;
				BUNDLE_LOADER = "$(TEST_HOST)";
				CODE_SIGN_STYLE = Automatic;
				DEVELOPMENT_TEAM = 48Y2XG84C3;
				INFOPLIST_FILE = DemoJenkinsTests/Info.plist;
				IPHONEOS_DEPLOYMENT_TARGET = 14.4;
				LD_RUNPATH_SEARCH_PATHS = (
					"$(inherited)",
					"@executable_path/Frameworks",
					"@loader_path/Frameworks",
				);
				PRODUCT_BUNDLE_IDENTIFIER = com.Devesh.DemoJenkins.DemoJenkinsTests;
				PRODUCT_NAME = "$(TARGET_NAME)";
				SWIFT_VERSION = 5.0;
				TARGETED_DEVICE_FAMILY = "1,2";
				TEST_HOST = "$(BUILT_PRODUCTS_DIR)/DemoJenkins.app/DemoJenkins";
			};
			name = Debug;
		};
		1EB9B54326014FE50019CD44 /* Release */ = {
			isa = XCBuildConfiguration;
			baseConfigurationReference = 6EB2F9017105C529B960351A /* Pods-DemoJenkinsTests.release.xcconfig */;
			buildSettings = {
				ALWAYS_EMBED_SWIFT_STANDARD_LIBRARIES = YES;
				BUNDLE_LOADER = "$(TEST_HOST)";
				CODE_SIGN_STYLE = Automatic;
				DEVELOPMENT_TEAM = 48Y2XG84C3;
				INFOPLIST_FILE = DemoJenkinsTests/Info.plist;
				IPHONEOS_DEPLOYMENT_TARGET = 14.4;
				LD_RUNPATH_SEARCH_PATHS = (
					"$(inherited)",
					"@executable_path/Frameworks",
					"@loader_path/Frameworks",
				);
				PRODUCT_BUNDLE_IDENTIFIER = com.Devesh.DemoJenkins.DemoJenkinsTests;
				PRODUCT_NAME = "$(TARGET_NAME)";
				SWIFT_VERSION = 5.0;
				TARGETED_DEVICE_FAMILY = "1,2";
				TEST_HOST = "$(BUILT_PRODUCTS_DIR)/DemoJenkins.app/DemoJenkins";
			};
			name = Release;
		};
		1EB9B54526014FE50019CD44 /* Debug */ = {
			isa = XCBuildConfiguration;
			baseConfigurationReference = 763AA62BA4ECB6085E4EFD53 /* Pods-DemoJenkins-DemoJenkinsUITests.debug.xcconfig */;
			buildSettings = {
				ALWAYS_EMBED_SWIFT_STANDARD_LIBRARIES = YES;
				CODE_SIGN_STYLE = Automatic;
				DEVELOPMENT_TEAM = 48Y2XG84C3;
				INFOPLIST_FILE = DemoJenkinsUITests/Info.plist;
				LD_RUNPATH_SEARCH_PATHS = (
					"$(inherited)",
					"@executable_path/Frameworks",
					"@loader_path/Frameworks",
				);
				PRODUCT_BUNDLE_IDENTIFIER = com.Devesh.DemoJenkins.DemoJenkinsUITests;
				PRODUCT_NAME = "$(TARGET_NAME)";
				SWIFT_VERSION = 5.0;
				TARGETED_DEVICE_FAMILY = "1,2";
				TEST_TARGET_NAME = DemoJenkins;
			};
			name = Debug;
		};
		1EB9B54626014FE50019CD44 /* Release */ = {
			isa = XCBuildConfiguration;
			baseConfigurationReference = 43CEF699F8320AF2A479FE62 /* Pods-DemoJenkins-DemoJenkinsUITests.release.xcconfig */;
			buildSettings = {
				ALWAYS_EMBED_SWIFT_STANDARD_LIBRARIES = YES;
				CODE_SIGN_STYLE = Automatic;
				DEVELOPMENT_TEAM = 48Y2XG84C3;
				INFOPLIST_FILE = DemoJenkinsUITests/Info.plist;
				LD_RUNPATH_SEARCH_PATHS = (
					"$(inherited)",
					"@executable_path/Frameworks",
					"@loader_path/Frameworks",
				);
				PRODUCT_BUNDLE_IDENTIFIER = com.Devesh.DemoJenkins.DemoJenkinsUITests;
				PRODUCT_NAME = "$(TARGET_NAME)";
				SWIFT_VERSION = 5.0;
				TARGETED_DEVICE_FAMILY = "1,2";
				TEST_TARGET_NAME = DemoJenkins;
			};
			name = Release;
		};
/* End XCBuildConfiguration section */

/* Begin XCConfigurationList section */
		1EB9B50F26014FE10019CD44 /* Build configuration list for PBXProject "DemoJenkins" */ = {
			isa = XCConfigurationList;
			buildConfigurations = (
				1EB9B53C26014FE50019CD44 /* Debug */,
				1EB9B53D26014FE50019CD44 /* Release */,
			);
			defaultConfigurationIsVisible = 0;
			defaultConfigurationName = Release;
		};
		1EB9B53E26014FE50019CD44 /* Build configuration list for PBXNativeTarget "DemoJenkins" */ = {
			isa = XCConfigurationList;
			buildConfigurations = (
				1EB9B53F26014FE50019CD44 /* Debug */,
				1EB9B54026014FE50019CD44 /* Release */,
			);
			defaultConfigurationIsVisible = 0;
			defaultConfigurationName = Release;
		};
		1EB9B54126014FE50019CD44 /* Build configuration list for PBXNativeTarget "DemoJenkinsTests" */ = {
			isa = XCConfigurationList;
			buildConfigurations = (
				1EB9B54226014FE50019CD44 /* Debug */,
				1EB9B54326014FE50019CD44 /* Release */,
			);
			defaultConfigurationIsVisible = 0;
			defaultConfigurationName = Release;
		};
		1EB9B54426014FE50019CD44 /* Build configuration list for PBXNativeTarget "DemoJenkinsUITests" */ = {
			isa = XCConfigurationList;
			buildConfigurations = (
				1EB9B54526014FE50019CD44 /* Debug */,
				1EB9B54626014FE50019CD44 /* Release */,
			);
			defaultConfigurationIsVisible = 0;
			defaultConfigurationName = Release;
		};
/* End XCConfigurationList section */
	};
	rootObject = 1EB9B50C26014FE10019CD44 /* Project object */;
}
